PODS:
  - TUSafariActivity (1.0.4)

DEPENDENCIES:
  - TUSafariActivity (from `../`)

EXTERNAL SOURCES:
  TUSafariActivity:
    :path: ../

SPEC CHECKSUMS:
  TUSafariActivity: afc55a00965377939107ce4fdc7f951f62454546

PODFILE CHECKSUM: 9c253fc675c82504186a2cbb21cf9cbbe9bf74c5

COCOAPODS: 1.1.0.beta.1
